
Microsoft Visual Studio Solution File, Format Version 12.00
# Visual Studio Version 16
VisualStudioVersion = 16.0.30523.141
MinimumVisualStudioVersion = 10.0.40219.1
Project("{FAE04EC0-301F-11D3-BF4B-00C04F79EFBC}") = "ImgProcessor", "ImgProcessor\ImgProcessor.csproj", "{C4581F66-2A89-470C-9876-1016C59E52B2}"
EndProject
Global
	GlobalSection(SolutionConfigurationPlatforms) = preSolution
		Debug|Any CPU = Debug|Any CPU
		Release|Any CPU = Release|Any CPU
	EndGlobalSection
	GlobalSection(ProjectConfigurationPlatforms) = postSolution
		{C4581F66-2A89-470C-9876-1016C59E52B2}.Debug|Any CPU.ActiveCfg = Debug|Any CPU
		{C4581F66-2A89-470C-9876-1016C59E52B2}.Debug|Any CPU.Build.0 = Debug|Any CPU
		{C4581F66-2A89-470C-9876-1016C59E52B2}.Release|Any CPU.ActiveCfg = Release|Any CPU
		{C4581F66-2A89-470C-9876-1016C59E52B2}.Release|Any CPU.Build.0 = Release|Any CPU
	EndGlobalSection
	GlobalSection(SolutionProperties) = preSolution
		HideSolutionNode = FALSE
	EndGlobalSection
	GlobalSection(ExtensibilityGlobals) = postSolution
		SolutionGuid = {32D450A0-50A3-46FD-A236-5B45A8B0F6DA}
	EndGlobalSection
EndGlobal
